{
  "name": "TailwindCSS",
  "lockfileVersion": 3,
  "requires": true,
  "packages": {
    "": {
      "dependencies": {
        "@fluentui/svg-icons": "^1.1.196",
        "solid-icons": "^1.0.4"
      }
    },
    "node_modules/@fluentui/svg-icons": {
      "version": "1.1.196",
      "resolved": "https://registry.npmjs.org/@fluentui/svg-icons/-/svg-icons-1.1.196.tgz",
      "integrity": "sha512-6+ZzEZRHHyXo4BvQdF0HwNHsrtla8yBfdeRdyiUXq3mhfAdWqjmWtARYlnUpUNcraEb2fvq0Uwuw8h7pUzuvNw=="
    },
    "node_modules/csstype": {
      "version": "3.1.1",
      "resolved": "https://registry.npmjs.org/csstype/-/csstype-3.1.1.tgz",
      "integrity": "sha512-DJR/VvkAvSZW9bTouZue2sSxDwdTN92uHjqeKVm+0dAqdfNykRzQ95tay8aXMBAAPpUiq4Qcug2L7neoRh2Egw==",
      "peer": true
    },
    "node_modules/solid-icons": {
      "version": "1.0.4",
      "resolved": "https://registry.npmjs.org/solid-icons/-/solid-icons-1.0.4.tgz",
      "integrity": "sha512-gJTp4in3+OYCs9WvDkSLt4Los2unR3Uoder8wjh15GsfP20xiNOLfPTJllXmn+fI8+k3x7bRYtLGIgWd9fUQug==",
      "engines": {
        "node": ">= 16"
      },
      "peerDependencies": {
        "solid-js": "*"
      }
    },
    "node_modules/solid-js": {
      "version": "1.6.15",
      "resolved": "https://registry.npmjs.org/solid-js/-/solid-js-1.6.15.tgz",
      "integrity": "sha512-xEuMUIdDf4YRFT4i3XEJCNg4Y21lZiWWPSEqj0R3UnLLpENGJVXkqpmbIyRU5CuMImKPIEu5CYgmFKL7Npfe1A==",
      "peer": true,
      "dependencies": {
        "csstype": "^3.1.0"
      }
    }
  }
}
